
Microsoft Visual Studio Solution File, Format Version 12.00
# Visual Studio Version 17
VisualStudioVersion = 17.3.32901.215
MinimumVisualStudioVersion = 10.0.40219.1
Project("{FAE04EC0-301F-11D3-BF4B-00C04F79EFBC}") = "BlobTriggerFunctionApp", "BlobTriggerFunctionApp\BlobTriggerFunctionApp.csproj", "{B3DA0809-DBA2-4539-9F9E-B2675B91B1E5}"
EndProject
Global
	GlobalSection(SolutionConfigurationPlatforms) = preSolution
		Debug|Any CPU = Debug|Any CPU
		Release|Any CPU = Release|Any CPU
	EndGlobalSection
	GlobalSection(ProjectConfigurationPlatforms) = postSolution
		{B3DA0809-DBA2-4539-9F9E-B2675B91B1E5}.Debug|Any CPU.ActiveCfg = Debug|Any CPU
		{B3DA0809-DBA2-4539-9F9E-B2675B91B1E5}.Debug|Any CPU.Build.0 = Debug|Any CPU
		{B3DA0809-DBA2-4539-9F9E-B2675B91B1E5}.Release|Any CPU.ActiveCfg = Release|Any CPU
		{B3DA0809-DBA2-4539-9F9E-B2675B91B1E5}.Release|Any CPU.Build.0 = Release|Any CPU
	EndGlobalSection
	GlobalSection(SolutionProperties) = preSolution
		HideSolutionNode = FALSE
	EndGlobalSection
	GlobalSection(ExtensibilityGlobals) = postSolution
		SolutionGuid = {0C764806-F00F-4681-A788-26B3253525EA}
	EndGlobalSection
EndGlobal
